{
  "lockfileVersion": 1,
  "configVersion": 1,
  "workspaces": {
    "": {
      "dependencies": {
        "@alpinejs/csp": "3.15.12",
        "@embedpdf/snippet": "2.15.0",
        "@zxcvbn-ts/core": "4.2.0",
        "@zxcvbn-ts/language-common": "4.1.3",
        "@zxcvbn-ts/language-en": "4.1.1",
      },
    },
  },
  "packages": {
    "@alpinejs/csp": ["@alpinejs/csp@3.15.12", "", { "dependencies": { "@vue/reactivity": "~3.1.1" } }, "sha512-9jielHzVPqMlO9zQ6K1WtdhSHVX5OZfq5ZDUSVZfY10VnXRoRBx8nOadWjsG1xev/kz4EPaNN9eDFWtZSvJHxA=="],

    "@babel/helper-string-parser": ["@babel/helper-string-parser@7.29.7", "", {}, "sha512-Pb5ijPrZ89GDH8223L4UP8i6QApWxs04RbPQJTeWDV0/keR2E36MeKnyr6LYmUUvqRRI+Iv87SuF1W6ErINzYw=="],

    "@babel/helper-validator-identifier": ["@babel/helper-validator-identifier@7.29.7", "", {}, "sha512-qehxGkRj55h/ff8EMaJ+cYhyaKlHIxqYDn682wQD7RNp9UujOQsHog2uS0r2vzr4pW+sXf90NeeayjcNaX3fFg=="],

    "@babel/parser": ["@babel/parser@7.29.8", "", { "dependencies": { "@babel/types": "^7.29.8" }, "bin": "./bin/babel-parser.js" }, "sha512-E8lTAYNB1KW+FH+VGJuZM1ioAx2E6oVlvQFRrf5P8ZZmsiJXYAD9vTFV7yyEURNzgh1dFqMZuO6tUwcARbqFCA=="],

    "@babel/types": ["@babel/types@7.29.8", "", { "dependencies": { "@babel/helper-string-parser": "^7.29.7", "@babel/helper-validator-identifier": "^7.29.7" } }, "sha512-Vj1jF3cPfxg7OAfoI7QnVKLoILlm2JF9pnVHrX8qx7AHMiYWT+NDAA7jChlNgRS4WTLc/fD1lXLmPixluj+3Gg=="],

    "@embedpdf/core": ["@embedpdf/core@2.15.0", "", { "dependencies": { "@embedpdf/engines": "2.15.0", "@embedpdf/models": "2.15.0" }, "peerDependencies": { "preact": "^10.26.4", "react": ">=16.8.0", "react-dom": ">=16.8.0", "svelte": ">=5 <6", "vue": ">=3.2.0" } }, "sha512-0yaPCgvbE5/cBf+5rHBUsRUm8i6hSl894xjC19HTOmb8DqrhxOxbOQSyjiTbJTQK52zZrNL79SigsPgGHPrYWA=="],

    "@embedpdf/engines": ["@embedpdf/engines@2.15.0", "", { "dependencies": { "@embedpdf/fonts-arabic": "1.0.0", "@embedpdf/fonts-hebrew": "1.0.0", "@embedpdf/fonts-jp": "1.0.0", "@embedpdf/fonts-kr": "1.0.0", "@embedpdf/fonts-latin": "1.0.0", "@embedpdf/fonts-sc": "1.0.0", "@embedpdf/fonts-tc": "1.0.0", "@embedpdf/models": "2.15.0", "@embedpdf/pdfium": "2.15.0" }, "peerDependencies": { "preact": "^10.26.4", "react": ">=16.8.0", "react-dom": ">=16.8.0", "svelte": ">=5 <6", "vue": ">=3.2.0" } }, "sha512-fW5UoqpDRkAWDbGMl3y6ril3l2qXzoYz+klt4O2P8gWzYzhG3fmr0L2+qzjD+BPO+QfYMNNvmBI+teT/nYjm/g=="],

    "@embedpdf/fonts-arabic": ["@embedpdf/fonts-arabic@1.0.0", "", {}, "sha512-SnGvQb+LwPZQO2WjjvlmXrJZolJUfLYbLZQSaYUw1vrQyMyJKT4LewvJGG+hZ+Yz2fz7OMIQ+4Gc98mGODZtOg=="],

    "@embedpdf/fonts-hebrew": ["@embedpdf/fonts-hebrew@1.0.0", "", {}, "sha512-5HVAKGL7VqPeTxxADDrSqAFBxfmAXdP8fIqrPwJIKkqdK2643bOer8CqnnpO3/nPoFhkzxhttWMB9BGiqSW62w=="],

    "@embedpdf/fonts-jp": ["@embedpdf/fonts-jp@1.0.0", "", {}, "sha512-BY2tv/mcICUUKf+M/bizf3RU65PMqKClJ/e5o9mgMibxyML0OQvEDwYMRPODQkKgJKXCO3ScHmVvcmXp6kt+fA=="],

    "@embedpdf/fonts-kr": ["@embedpdf/fonts-kr@1.0.0", "", {}, "sha512-bh88HXSvOBS581kgmihWY7Ijp9hBsvlmXogFG5LSNx9UBAobRcakZiFMGieRBc06hUSkpo7WhjaFM/z/SfQ8dQ=="],

    "@embedpdf/fonts-latin": ["@embedpdf/fonts-latin@1.0.0", "", {}, "sha512-LLYysdr8O6sRNzhmW3PbF3AeA8xnqvOi4XLFfIfNlW5uEZ+qsJdcfd78Q78sFJMhlaOAYFMziMMsnOzmx463rA=="],

    "@embedpdf/fonts-sc": ["@embedpdf/fonts-sc@1.0.0", "", {}, "sha512-ETXl7XCwaQLSSvMO3EUDwMNqtL64kX2LlFxarTRi/NsIGGOIxUurGfKtrkmtnKHrWy1jAJSt6oxK2uJhvdvQIw=="],

    "@embedpdf/fonts-tc": ["@embedpdf/fonts-tc@1.0.0", "", {}, "sha512-rGZJbVD6DYS5BbXdpEMnWkpVF0Knar+bsiyb2o3+YRx7O8eyFubEBQUSUInirQk69HA6fc3GhYCg7TyC/oD76Q=="],

    "@embedpdf/models": ["@embedpdf/models@2.15.0", "", {}, "sha512-gHr+hAN094kmzCB+6J2zaiHS8o4tKeY0IfTOxVEGwqntgKk8LCWD3s+P7dlVY3V8XUVmdyFWhFt7zwm0uw+VMg=="],

    "@embedpdf/pdfium": ["@embedpdf/pdfium@2.15.0", "", {}, "sha512-KgpRND2MYcdbhzb2EMb4WzWcJYrR0A6JXvhMv4WthEHKt6qmNo2v/MC68bpYvpveYT9GNnUnY/+TG5MpXY3pRw=="],

    "@embedpdf/plugin-annotation": ["@embedpdf/plugin-annotation@2.15.0", "", { "dependencies": { "@embedpdf/models": "2.15.0", "@embedpdf/utils": "2.15.0" }, "peerDependencies": { "@embedpdf/core": "2.15.0", "@embedpdf/plugin-history": "2.15.0", "@embedpdf/plugin-interaction-manager": "2.15.0", "@embedpdf/plugin-scroll": "2.15.0", "@embedpdf/plugin-selection": "2.15.0", "preact": "^10.26.4", "react": ">=16.8.0", "react-dom": ">=16.8.0", "svelte": ">=5 <6", "vue": ">=3.2.0" } }, "sha512-1g7Ls9ak/TLaRY42H1GxLriH91yBxaP3ezFDbyGSfW/nV1V5tLJ8d1OZG7Dm1HbhAcnzSt7nOXOZRqFnmhpjyQ=="],

    "@embedpdf/plugin-attachment": ["@embedpdf/plugin-attachment@2.15.0", "", { "dependencies": { "@embedpdf/models": "2.15.0" }, "peerDependencies": { "@embedpdf/core": "2.15.0", "preact": "^10.26.4", "react": ">=16.8.0", "react-dom": ">=16.8.0", "svelte": ">=5 <6", "vue": ">=3.2.0" } }, "sha512-vv8uzyqNSujrXKsmIKyV9D/8UnWfyo/MLY5lSQFoFy8Egecbqlbe8LTFcyHYA3fNhvKds+JFLV1khxnnp6tBoA=="],

    "@embedpdf/plugin-bookmark": ["@embedpdf/plugin-bookmark@2.15.0", "", { "dependencies": { "@embedpdf/models": "2.15.0" }, "peerDependencies": { "@embedpdf/core": "2.15.0", "preact": "^10.26.4", "react": ">=16.8.0", "react-dom": ">=16.8.0", "svelte": ">=5 <6", "vue": ">=3.2.0" } }, "sha512-pioAUfmKWiM0uc1PkGL3um7SPpcSrtcNhzdV6sgKDtLYxNBzObaCRbsQzGr0vFRayMNkDIlsRsx2yiLK6D+JcQ=="],

    "@embedpdf/plugin-capture": ["@embedpdf/plugin-capture@2.15.0", "", { "dependencies": { "@embedpdf/models": "2.15.0" }, "peerDependencies": { "@embedpdf/core": "2.15.0", "@embedpdf/plugin-interaction-manager": "2.15.0", "@embedpdf/plugin-render": "2.15.0", "preact": "^10.26.4", "react": ">=16.8.0", "react-dom": ">=16.8.0", "svelte": ">=5 <6", "vue": ">=3.2.0" } }, "sha512-uPmO/U1WMitYQMbXnMj+H4lla4bTj+mtxLPbu4Ck2P/f5MK4Id1LT+AGo8zvVRELYLWyWrkS/R/5FIhB+xpAIA=="],

    "@embedpdf/plugin-commands": ["@embedpdf/plugin-commands@2.15.0", "", { "dependencies": { "@embedpdf/models": "2.15.0" }, "peerDependencies": { "@embedpdf/core": "2.15.0", "preact": "^10.26.4", "react": ">=16.8.0", "react-dom": ">=16.8.0", "svelte": ">=5 <6", "vue": ">=3.2.0" } }, "sha512-2XgtXSRlkZRtI108xaV3p3zxBJ4uMHpwqrMXvbTRcCFMU5lXH+ntjTYy7/j6mI5ghtp03/pLeZxD5rG/CwRixg=="],

    "@embedpdf/plugin-document-manager": ["@embedpdf/plugin-document-manager@2.15.0", "", { "dependencies": { "@embedpdf/models": "2.15.0" }, "peerDependencies": { "@embedpdf/core": "2.15.0", "preact": "^10.26.4", "react": ">=16.8.0", "react-dom": ">=16.8.0", "svelte": ">=5 <6", "vue": ">=3.2.0" } }, "sha512-M8EwOuonICSHfOklTMwk0XfyPhG9v9EMDRU9Pvz0zAe1DJzUPtIxUh+CgxtFSSnUeKSfxE7JpTRryrbUW0XcGg=="],

    "@embedpdf/plugin-export": ["@embedpdf/plugin-export@2.15.0", "", { "dependencies": { "@embedpdf/models": "2.15.0" }, "peerDependencies": { "@embedpdf/core": "2.15.0", "preact": "^10.26.4", "react": ">=16.8.0", "react-dom": ">=16.8.0", "svelte": ">=5 <6", "vue": ">=3.2.0" } }, "sha512-GFmC4nkZZnH1swivfSwLako2YV6d60QPSPUqvozQaMWDuE8rNq/ElYISVihkEAxbhI4h3q5AkhDKyCVFeJJVbg=="],

    "@embedpdf/plugin-form": ["@embedpdf/plugin-form@2.15.0", "", { "dependencies": { "@embedpdf/models": "2.15.0", "@embedpdf/utils": "2.15.0" }, "peerDependencies": { "@embedpdf/core": "2.15.0", "@embedpdf/plugin-annotation": "2.15.0", "@embedpdf/plugin-history": "2.15.0", "preact": "^10.26.4", "react": ">=16.8.0", "react-dom": ">=16.8.0", "svelte": ">=5 <6", "vue": ">=3.2.0" } }, "sha512-0kUqf/BHsNeHhUAdcSz3Dsqy5qNvDgQP6IhhMq5KLH+mtMoUuYiEyOGwHSY97V4vxAG9MF/UexT+CP4LfL3Yvg=="],

    "@embedpdf/plugin-fullscreen": ["@embedpdf/plugin-fullscreen@2.15.0", "", { "dependencies": { "@embedpdf/models": "2.15.0" }, "peerDependencies": { "@embedpdf/core": "2.15.0", "preact": "^10.26.4", "react": ">=16.8.0", "react-dom": ">=16.8.0", "svelte": ">=5 <6", "vue": ">=3.2.0" } }, "sha512-DYyoUrWD9E6NkPCaeGZQH/qpKUgJ20rXi9tOtZIc/cRAvynfcjWNCamwWXd7cDbLwrkbo+5rJIwTponKLXh5oQ=="],

    "@embedpdf/plugin-history": ["@embedpdf/plugin-history@2.15.0", "", { "dependencies": { "@embedpdf/models": "2.15.0" }, "peerDependencies": { "@embedpdf/core": "2.15.0", "preact": "^10.26.4", "react": ">=16.8.0", "react-dom": ">=16.8.0", "svelte": ">=5 <6", "vue": ">=3.2.0" } }, "sha512-3Dk4Atc5vdHsTjC8tJ8MOGPcUJLkCWbMzt3sTllmyNc534qTZtUvFHDeaaB65u50EJGjFRpUJ6Xcnp9A81lMdg=="],

    "@embedpdf/plugin-i18n": ["@embedpdf/plugin-i18n@2.15.0", "", { "dependencies": { "@embedpdf/models": "2.15.0" }, "peerDependencies": { "@embedpdf/core": "2.15.0", "preact": "^10.26.4", "react": ">=16.8.0", "react-dom": ">=16.8.0", "svelte": ">=5 <6", "vue": ">=3.2.0" } }, "sha512-xSbkJcj1Fc7dKyV7lhBU9d0xuH4wGKcPwRmkMxOvi3KJ/XD3zgfqdFMazDICN+rzth40gHSeRNhyCKZpXeYkuQ=="],

    "@embedpdf/plugin-interaction-manager": ["@embedpdf/plugin-interaction-manager@2.15.0", "", { "dependencies": { "@embedpdf/models": "2.15.0" }, "peerDependencies": { "@embedpdf/core": "2.15.0", "preact": "^10.26.4", "react": ">=16.8.0", "react-dom": ">=16.8.0", "svelte": ">=5 <6", "vue": ">=3.2.0" } }, "sha512-YCMvTvu4Fm1KNuEhj+CftzG+T6F1+/QhI7eaYft9Lp5xm3CYSXdR3pNfGwNFy5XkDUDwB1IscLTiU0q75viMCw=="],

    "@embedpdf/plugin-pan": ["@embedpdf/plugin-pan@2.15.0", "", { "dependencies": { "@embedpdf/models": "2.15.0" }, "peerDependencies": { "@embedpdf/core": "2.15.0", "@embedpdf/plugin-interaction-manager": "2.15.0", "@embedpdf/plugin-viewport": "2.15.0", "preact": "^10.26.4", "react": ">=16.8.0", "react-dom": ">=16.8.0", "svelte": ">=5 <6", "vue": ">=3.2.0" } }, "sha512-bgFM7xTJRNzkFs5CH9apv5USR7Db2fdbNVbHq/U1GanEyz/71gZGoDWUN9FF/FbNvBfSfvPYZDv9DLJYLbeoBQ=="],

    "@embedpdf/plugin-print": ["@embedpdf/plugin-print@2.15.0", "", { "dependencies": { "@embedpdf/models": "2.15.0" }, "peerDependencies": { "@embedpdf/core": "2.15.0", "preact": "^10.26.4", "react": ">=18.0.0", "react-dom": ">=18.0.0", "svelte": ">=5 <6", "vue": ">=3.2.0" } }, "sha512-IS6Wvi7zY0iozdYmVwfZXSjKURBe4AqhuyV1QtbcUS1hZxe0ASRETGiHe9ONpuokWemZmYDHNyTrdF7+5hdLEw=="],

    "@embedpdf/plugin-redaction": ["@embedpdf/plugin-redaction@2.15.0", "", { "dependencies": { "@embedpdf/models": "2.15.0", "@embedpdf/utils": "2.15.0" }, "peerDependencies": { "@embedpdf/core": "2.15.0", "@embedpdf/plugin-annotation": "2.15.0", "@embedpdf/plugin-history": "2.15.0", "@embedpdf/plugin-interaction-manager": "2.15.0", "@embedpdf/plugin-selection": "2.15.0", "preact": "^10.26.4", "react": ">=16.8.0", "react-dom": ">=16.8.0", "svelte": ">=5 <6", "vue": ">=3.2.0" } }, "sha512-H4WgRSSqBlWtP7sgDbAqWW/w6HAyjA3RS6lMuEmCMF19trDyQMdeAC8ZyQkFCYudFk9L+ydradSbNBYK18PfDw=="],

    "@embedpdf/plugin-render": ["@embedpdf/plugin-render@2.15.0", "", { "dependencies": { "@embedpdf/models": "2.15.0" }, "peerDependencies": { "@embedpdf/core": "2.15.0", "preact": "^10.26.4", "react": ">=16.8.0", "react-dom": ">=16.8.0", "svelte": ">=5 <6", "vue": ">=3.2.0" } }, "sha512-EVfn8XsdU10VgrSs9qKo8nqjfUyt2/NWFJtlW3nX4sZ74Pi9xSvEa7/B99/LYZZMa0ENzi+4HKAXiQ6NUXisDg=="],

    "@embedpdf/plugin-rotate": ["@embedpdf/plugin-rotate@2.15.0", "", { "dependencies": { "@embedpdf/models": "2.15.0" }, "peerDependencies": { "@embedpdf/core": "2.15.0", "preact": "^10.26.4", "react": ">=16.8.0", "react-dom": ">=16.8.0", "svelte": ">=5 <6", "vue": ">=3.2.0" } }, "sha512-mhfDC8NCQ8H6ati3O6smA6ZxZoMgPGtloEeY6gs61+zoxPKyXiuCpxZKJctRfYdrTdoRgXpFa3fKflwStMcgFg=="],

    "@embedpdf/plugin-scroll": ["@embedpdf/plugin-scroll@2.15.0", "", { "dependencies": { "@embedpdf/models": "2.15.0" }, "peerDependencies": { "@embedpdf/core": "2.15.0", "@embedpdf/plugin-viewport": "2.15.0", "preact": "^10.26.4", "react": ">=16.8.0", "react-dom": ">=16.8.0", "svelte": ">=5 <6", "vue": ">=3.2.0" } }, "sha512-UqjLH3lafrpqN1qcxIpfd1MfWW5Fdf6/4LjneUabHt+3gxy1qd2KU9oPR5wwinsh3vmjn90qURsnqIHL5jnaOg=="],

    "@embedpdf/plugin-search": ["@embedpdf/plugin-search@2.15.0", "", { "dependencies": { "@embedpdf/models": "2.15.0" }, "peerDependencies": { "@embedpdf/core": "2.15.0", "preact": "^10.26.4", "react": ">=16.8.0", "react-dom": ">=16.8.0", "svelte": ">=5 <6", "vue": ">=3.2.0" } }, "sha512-mMzy8uo3xvDMjSc+xuBMgdI/mmmpgbZ6xKTmNxpF0d8BcaWu6Zp9a4ewamfjBwg8WF/qUW49U6HYZsiRr3NUEQ=="],

    "@embedpdf/plugin-selection": ["@embedpdf/plugin-selection@2.15.0", "", { "dependencies": { "@embedpdf/models": "2.15.0", "@embedpdf/utils": "2.15.0" }, "peerDependencies": { "@embedpdf/core": "2.15.0", "@embedpdf/plugin-interaction-manager": "2.15.0", "preact": "^10.26.4", "react": ">=16.8.0", "react-dom": ">=16.8.0", "svelte": ">=5 <6", "vue": ">=3.2.0" } }, "sha512-iEnhx0jeQrbze7WHkHhZtF21yfGBuqF2B+V2efLHT2O0a2fnof+PEVaQQRgERSfrwRvLvyEJL9ud54E41ahsRQ=="],

    "@embedpdf/plugin-signature": ["@embedpdf/plugin-signature@2.15.0", "", { "dependencies": { "@embedpdf/models": "2.15.0" }, "peerDependencies": { "@embedpdf/core": "2.15.0", "@embedpdf/plugin-annotation": "2.15.0", "preact": "^10.26.4", "react": ">=16.8.0", "react-dom": ">=16.8.0", "svelte": ">=5 <6", "vue": ">=3.2.0" } }, "sha512-aFD6sHExivqdCK3U2Xns/nsZxS9jhMAgdJTrumc3eenCzGbXAHhX7wkzgIDfZs3AyKRepbUnz9wmM6lNG+IKoQ=="],

    "@embedpdf/plugin-spread": ["@embedpdf/plugin-spread@2.15.0", "", { "dependencies": { "@embedpdf/models": "2.15.0" }, "peerDependencies": { "@embedpdf/core": "2.15.0", "preact": "^10.26.4", "react": ">=16.8.0", "react-dom": ">=16.8.0", "svelte": ">=5 <6", "vue": ">=3.2.0" } }, "sha512-Gj1Nl9E/T92MkaBxL+BCH8WHfzvfM+Vb9vgTPi0gnV7Jr1SaWrtIQpMlYom21f4p9pT/m7KuBVz3xA+NV8r39A=="],

    "@embedpdf/plugin-stamp": ["@embedpdf/plugin-stamp@2.15.0", "", { "dependencies": { "@embedpdf/models": "2.15.0" }, "peerDependencies": { "@embedpdf/core": "2.15.0", "@embedpdf/plugin-annotation": "2.15.0", "@embedpdf/plugin-i18n": "2.15.0", "preact": "^10.26.4", "react": ">=16.8.0", "react-dom": ">=16.8.0", "svelte": ">=5 <6", "vue": ">=3.2.0" } }, "sha512-QjrzwCUVYoRX/zp8FpMByGgmUxvovARmd+xSaMtH70iHAPZxpvSLJ9DpoV2sbtEiwnQYrIZJry6TzCtB2bNvXQ=="],

    "@embedpdf/plugin-thumbnail": ["@embedpdf/plugin-thumbnail@2.15.0", "", { "dependencies": { "@embedpdf/models": "2.15.0" }, "peerDependencies": { "@embedpdf/core": "2.15.0", "@embedpdf/plugin-render": "2.15.0", "preact": "^10.26.4", "react": ">=16.8.0", "react-dom": ">=16.8.0", "svelte": ">=5 <6", "vue": ">=3.2.0" } }, "sha512-39EojqobHmvSvk2ejKeh58m43ApGS3cie/sVZP+pkXr6MRogX6+ivMa5GfoqBzh9wdZAZ3l4XTd+RQ4kFZ4aqQ=="],

    "@embedpdf/plugin-tiling": ["@embedpdf/plugin-tiling@2.15.0", "", { "dependencies": { "@embedpdf/models": "2.15.0" }, "peerDependencies": { "@embedpdf/core": "2.15.0", "@embedpdf/plugin-render": "2.15.0", "@embedpdf/plugin-scroll": "2.15.0", "@embedpdf/plugin-viewport": "2.15.0", "preact": "^10.26.4", "react": ">=16.8.0", "react-dom": ">=16.8.0", "svelte": ">=5 <6", "vue": ">=3.2.0" } }, "sha512-zBjKCToAkL1tYvkIjFCjsbfUzZ0QBPczL3wRy/IdNZ9CQuZrqqqp3xEFrI4Nz2o9XQd9heBlMA9Zo/yieuazqA=="],

    "@embedpdf/plugin-ui": ["@embedpdf/plugin-ui@2.15.0", "", { "dependencies": { "@embedpdf/models": "2.15.0" }, "peerDependencies": { "@embedpdf/core": "2.15.0", "@embedpdf/plugin-render": "2.15.0", "@embedpdf/plugin-scroll": "2.15.0", "@embedpdf/plugin-viewport": "2.15.0", "preact": "^10.26.4", "react": ">=16.8.0", "react-dom": ">=16.8.0", "svelte": ">=5 <6", "vue": ">=3.2.0" } }, "sha512-6aixrGLylfOk7S+TZojxBjXlR7ToZ4OD4td1b/wfuu8Nmtv7RmNnwu2F7h6aLp54VIhjdHCIrgzWUOjWLqSAJw=="],

    "@embedpdf/plugin-viewport": ["@embedpdf/plugin-viewport@2.15.0", "", { "dependencies": { "@embedpdf/models": "2.15.0" }, "peerDependencies": { "@embedpdf/core": "2.15.0", "preact": "^10.26.4", "react": ">=16.8.0", "react-dom": ">=16.8.0", "svelte": ">=5 <6", "vue": ">=3.2.0" } }, "sha512-MXNBQOitr1cAoCoBKwAR3O78eLtHBbIngOkWqgm6EpWTdoYDBVhZlvVcmwmjheZKjMJFnU3sFr98w6Qwix3Cjg=="],

    "@embedpdf/plugin-zoom": ["@embedpdf/plugin-zoom@2.15.0", "", { "dependencies": { "@embedpdf/models": "2.15.0" }, "peerDependencies": { "@embedpdf/core": "2.15.0", "@embedpdf/plugin-scroll": "2.15.0", "@embedpdf/plugin-viewport": "2.15.0", "preact": "^10.26.4", "react": ">=16.8.0", "react-dom": ">=16.8.0", "svelte": ">=5 <6", "vue": ">=3.2.0" } }, "sha512-d+YhwqcQNZaaHczVGe4pbaAYQXWO4MEoivcW7jOpE31VnKqEAdjCMye8F0ctcF5OjgbXeb6AKCk4L4fDdLF4mg=="],

    "@embedpdf/snippet": ["@embedpdf/snippet@2.15.0", "", { "dependencies": { "@embedpdf/core": "2.15.0", "@embedpdf/engines": "2.15.0", "@embedpdf/models": "2.15.0", "@embedpdf/pdfium": "2.15.0", "@embedpdf/plugin-annotation": "2.15.0", "@embedpdf/plugin-attachment": "2.15.0", "@embedpdf/plugin-bookmark": "2.15.0", "@embedpdf/plugin-capture": "2.15.0", "@embedpdf/plugin-commands": "2.15.0", "@embedpdf/plugin-document-manager": "2.15.0", "@embedpdf/plugin-export": "2.15.0", "@embedpdf/plugin-form": "2.15.0", "@embedpdf/plugin-fullscreen": "2.15.0", "@embedpdf/plugin-history": "2.15.0", "@embedpdf/plugin-i18n": "2.15.0", "@embedpdf/plugin-interaction-manager": "2.15.0", "@embedpdf/plugin-pan": "2.15.0", "@embedpdf/plugin-print": "2.15.0", "@embedpdf/plugin-redaction": "2.15.0", "@embedpdf/plugin-render": "2.15.0", "@embedpdf/plugin-rotate": "2.15.0", "@embedpdf/plugin-scroll": "2.15.0", "@embedpdf/plugin-search": "2.15.0", "@embedpdf/plugin-selection": "2.15.0", "@embedpdf/plugin-signature": "2.15.0", "@embedpdf/plugin-spread": "2.15.0", "@embedpdf/plugin-stamp": "2.15.0", "@embedpdf/plugin-thumbnail": "2.15.0", "@embedpdf/plugin-tiling": "2.15.0", "@embedpdf/plugin-ui": "2.15.0", "@embedpdf/plugin-viewport": "2.15.0", "@embedpdf/plugin-zoom": "2.15.0", "preact": "^10.17.0", "tailwind-merge": "^3.4.0" } }, "sha512-oTJBxqCIqCM1SIXSYt7AmzzUO0J9yi9vFFRVzWc4BRDmX/K6Jp98EIwa7WTVQSylbhvOIGEOnOnqm9ZDx+sg0g=="],

    "@embedpdf/utils": ["@embedpdf/utils@2.15.0", "", { "peerDependencies": { "preact": "^10.26.4", "react": ">=16.8.0", "react-dom": ">=16.8.0", "svelte": ">=5 <6", "vue": ">=3.2.0" } }, "sha512-13UEMPpu5XrxmYI/MPiLtJC3R3b1g8ii3zfhQ3g1WpECybnwTuhBgwqaOvqw3rVCKCnXEgNMs4PBCzLyFpZZTw=="],

    "@jridgewell/gen-mapping": ["@jridgewell/gen-mapping@0.3.13", "", { "dependencies": { "@jridgewell/sourcemap-codec": "^1.5.0", "@jridgewell/trace-mapping": "^0.3.24" } }, "sha512-2kkt/7niJ6MgEPxF0bYdQ6etZaA+fQvDcLKckhy1yIQOzaoKjBBjSj63/aLVjYE3qhRt5dvM+uUyfCg6UKCBbA=="],

    "@jridgewell/remapping": ["@jridgewell/remapping@2.3.5", "", { "dependencies": { "@jridgewell/gen-mapping": "^0.3.5", "@jridgewell/trace-mapping": "^0.3.24" } }, "sha512-LI9u/+laYG4Ds1TDKSJW2YPrIlcVYOwi2fUC6xB43lueCjgxV4lffOCZCtYFiH6TNOX+tQKXx97T4IKHbhyHEQ=="],

    "@jridgewell/resolve-uri": ["@jridgewell/resolve-uri@3.1.2", "", {}, "sha512-bRISgCIjP20/tbWSPWMEi54QVPRZExkuD9lJL+UIxUKtwVJA8wW1Trb1jMs1RFXo1CBTNZ/5hpC9QvmKWdopKw=="],

    "@jridgewell/sourcemap-codec": ["@jridgewell/sourcemap-codec@1.6.0", "", {}, "sha512-T7jf+5zgsZHwNJ4lvQ7/aezbyk0nNX+zJVWpmHA7VYsEx7a7qr5Rg5IbtJFqkgze5Y2sruq1RUY8Q837Od7iFw=="],

    "@jridgewell/trace-mapping": ["@jridgewell/trace-mapping@0.3.31", "", { "dependencies": { "@jridgewell/resolve-uri": "^3.1.0", "@jridgewell/sourcemap-codec": "^1.4.14" } }, "sha512-zzNR+SdQSDJzc8joaeP8QQoCQr8NuYx2dIIytl1QeBEZHJ9uW6hebsrYgbz8hJwUQao3TWCMtmfV8Nu1twOLAw=="],

    "@sveltejs/acorn-typescript": ["@sveltejs/acorn-typescript@1.0.13", "", { "peerDependencies": { "acorn": "^8.9.0" } }, "sha512-wgKggnhZVL9Bfx1OaKKTrYY9BFRk6C8UAkQNUcIv1+llzYrIqy+RZm5HPKzn0NpEBvTVhTqB4kQyllZywsRBRQ=="],

    "@types/estree": ["@types/estree@1.0.9", "", {}, "sha512-GhdPgy1el4/ImP05X05Uw4cw2/M93BCUmnEvWZNStlCzEKME4Fkk+YpoA5OiHNQmoS7Cafb8Xa3Pya8m1Qrzeg=="],

    "@vue/compiler-core": ["@vue/compiler-core@3.5.42", "", { "dependencies": { "@babel/parser": "^7.29.8", "@vue/shared": "3.5.42", "entities": "^7.0.1", "estree-walker": "^2.0.2", "source-map-js": "^1.2.1" } }, "sha512-2Ye1ilMtKXxl8qZUrQ5j0CdgenFp/HFQmta6rfRyfEsTG69L6Wk+tWuNoHYHMx9E8tF2Slvdg1FuwDvAXdy1LQ=="],

    "@vue/compiler-dom": ["@vue/compiler-dom@3.5.42", "", { "dependencies": { "@vue/compiler-core": "3.5.42", "@vue/shared": "3.5.42" } }, "sha512-qbhQZEFmycr+ni/qyuccS4sucNN7VAbDfbkvNxWOX2VfgFm90MNs3/UhRNKoPMEIVn0F8gdlYjLPvqxHwHeQOA=="],

    "@vue/compiler-sfc": ["@vue/compiler-sfc@3.5.42", "", { "dependencies": { "@babel/parser": "^7.29.8", "@vue/compiler-core": "3.5.42", "@vue/compiler-dom": "3.5.42", "@vue/compiler-ssr": "3.5.42", "@vue/shared": "3.5.42", "estree-walker": "^2.0.2", "magic-string": "^0.30.21", "postcss": "^8.5.19", "source-map-js": "^1.2.1" } }, "sha512-fkCAFB4okcAANGMThboWnScp/gzWjU0ZSkVnjTIiplmMDq2uq0tIB3j+xVu4rhv5rvOgBySCysudmbMd6xRRqw=="],

    "@vue/compiler-ssr": ["@vue/compiler-ssr@3.5.42", "", { "dependencies": { "@vue/compiler-dom": "3.5.42", "@vue/shared": "3.5.42" } }, "sha512-xmLk3wLkbizPAiLyomjgFFosf2ys9b5Ghb+oh/k2tnvipNz8OFrQOiTcWCzyK7MpBp9KkyGtfvgfLUivbmuGYA=="],

    "@vue/reactivity": ["@vue/reactivity@3.1.5", "", { "dependencies": { "@vue/shared": "3.1.5" } }, "sha512-1tdfLmNjWG6t/CsPldh+foumYFo3cpyCHgBYQ34ylaMsJ+SNHQ1kApMIa8jN+i593zQuaw3AdWH0nJTARzCFhg=="],

    "@vue/runtime-core": ["@vue/runtime-core@3.5.42", "", { "dependencies": { "@vue/reactivity": "3.5.42", "@vue/shared": "3.5.42" } }, "sha512-9uACtuHs7vJGkm5Bp3xu4xRDLFTIYy5DgxpToVjqGIAhAEKwQfsaLvKINhM6nFVp6bZPRFGdDqd1g52MqKsotA=="],

    "@vue/runtime-dom": ["@vue/runtime-dom@3.5.42", "", { "dependencies": { "@vue/reactivity": "3.5.42", "@vue/runtime-core": "3.5.42", "@vue/shared": "3.5.42", "csstype": "^3.2.3" } }, "sha512-rsCmhiWLaRxGltLwhlCWyYkFn7WAbKRh0q17eZ1A6Dq6eqc2ACQ61IIryxz0LrsvCzHSilLA9JHovVwM8CNE2g=="],

    "@vue/server-renderer": ["@vue/server-renderer@3.5.42", "", { "dependencies": { "@vue/compiler-ssr": "3.5.42", "@vue/runtime-dom": "3.5.42", "@vue/shared": "3.5.42" } }, "sha512-2++5dUyYS4gvo7xQXSECUDhB7TS0aOl5SeVfC5qSq1Jgfhjvegw1zqhwTIR3imZ+QYPJQw9gfcFvXGAjGZ7ajQ=="],

    "@vue/shared": ["@vue/shared@3.1.5", "", {}, "sha512-oJ4F3TnvpXaQwZJNF3ZK+kLPHKarDmJjJ6jyzVNDKH9md1dptjC7lWR//jrGuLdek/U6iltWxqAnYOu8gCiOvA=="],

    "@zxcvbn-ts/core": ["@zxcvbn-ts/core@4.2.0", "", { "dependencies": { "fastest-levenshtein": "1.0.16" } }, "sha512-tuwzwOcYVca9MufHuUvzKGRyL04iP52OjCNoRDuGXjzzrtPiPcl8r5QtOotbx0AyTR/CMcDTU9qLkN16b9fXiw=="],

    "@zxcvbn-ts/dictionary-compression": ["@zxcvbn-ts/dictionary-compression@3.0.1", "", {}, "sha512-p3KyPzxGc3vWSap5hHA6SllbUCmh7s+NtpGyC3qEWrxYJT9t9TUAzjPm48Okipo+UUyPQfDlIvTcs9JRShBFiQ=="],

    "@zxcvbn-ts/language-common": ["@zxcvbn-ts/language-common@4.1.3", "", { "dependencies": { "@zxcvbn-ts/dictionary-compression": "^3.0.1" } }, "sha512-g2bg4skmlJG9aJqC/nWziZzgYpSe/f3rKeGobrkdFiOrfZVFqqzUgC6BUQWuX54Sua9j0Jxxt+1bf4f/Mal1Kg=="],

    "@zxcvbn-ts/language-en": ["@zxcvbn-ts/language-en@4.1.1", "", { "dependencies": { "@zxcvbn-ts/dictionary-compression": "^3.0.1" } }, "sha512-6UdzuBd3Uex8TKubohcn+uXRVAH34Zjs2eCfT4hQVo9zeTy7AkQRQfdV4OnHR5hQfW/XBrK/AGTZk7VBWh7wwQ=="],

    "acorn": ["acorn@8.18.0", "", { "bin": { "acorn": "bin/acorn" } }, "sha512-lGq+9yr1/GuAWaVYIHRjvvySG5/4VfKIvC8EWxStPdcDh/Ka7FG3twP6v4d5BkravUilhIAsG4Qj83t02LWUPQ=="],

    "aria-query": ["aria-query@5.3.1", "", {}, "sha512-Z/ZeOgVl7bcSYZ/u/rh0fOpvEpq//LZmdbkXyc7syVzjPAhfOa9ebsdTSjEBDU4vs5nC98Kfduj1uFo0qyET3g=="],

    "axobject-query": ["axobject-query@4.1.0", "", {}, "sha512-qIj0G9wZbMGNLjLmg1PT6v2mE9AH2zlnADJD/2tC6E00hgmhUOfEB6greHPAfLRSufHqROIUTkw6E+M3lH0PTQ=="],

    "clsx": ["clsx@2.1.1", "", {}, "sha512-eYm0QWBtUrBWZWG0d386OGAw16Z995PiOVo2B7bjWSbHedGl5e0ZWaq65kOGgUSNesEIDkB9ISbTg/JK9dhCZA=="],

    "csstype": ["csstype@3.2.3", "", {}, "sha512-z1HGKcYy2xA8AGQfwrn0PAy+PB7X/GSj3UVJW9qKyn43xWa+gl5nXmU4qqLMRzWVLFC8KusUX8T/0kCiOYpAIQ=="],

    "devalue": ["devalue@5.9.2", "", {}, "sha512-po4PAY5c53tw5XMocSnf8A/5OHhbbUftpr93aEN6BBoAdntUmK7vu7wOATqvt7cXO7m1Cl4gMVn6p7n6n4mj0w=="],

    "entities": ["entities@7.0.1", "", {}, "sha512-TWrgLOFUQTH994YUyl1yT4uyavY5nNB5muff+RtWaqNVCAK408b5ZnnbNAUEWLTCpum9w6arT70i1XdQ4UeOPA=="],

    "esm-env": ["esm-env@1.2.2", "", {}, "sha512-Epxrv+Nr/CaL4ZcFGPJIYLWFom+YeV1DqMLHJoEd9SYRxNbaFruBwfEX/kkHUJf55j2+TUbmDcmuilbP1TmXHA=="],

    "esrap": ["esrap@2.3.6", "", { "dependencies": { "@jridgewell/sourcemap-codec": "^1.4.15" }, "peerDependencies": { "@typescript-eslint/types": "^8.2.0" }, "optionalPeers": ["@typescript-eslint/types"] }, "sha512-yc0OC12UjPqLoc+fe+v5GNs4TOjAigUw3sTikfC+xeBPGUw7gDRz3DtYaqEhxyMVJojcSWJw7jT0QWR+CbuE/A=="],

    "estree-walker": ["estree-walker@2.0.2", "", {}, "sha512-Rfkk/Mp/DL7JVje3u18FxFujQlTNR2q6QfMSMB7AvCBx91NGj/ba3kCfza0f6dVDbw7YlRf/nDrn7pQrCCyQ/w=="],

    "fastest-levenshtein": ["fastest-levenshtein@1.0.16", "", {}, "sha512-eRnCtTTtGZFpQCwhJiUOuxPQWRXVKYDn0b2PeHfXL6/Zi53SLAzAHfVhVWK2AryC/WH05kGfxhFIPvTF0SXQzg=="],

    "is-reference": ["is-reference@3.0.3", "", { "dependencies": { "@types/estree": "^1.0.6" } }, "sha512-ixkJoqQvAP88E6wLydLGGqCJsrFUnqoH6HnaczB8XmDH1oaWU+xxdptvikTgaEhtZ53Ky6YXiBuUI2WXLMCwjw=="],

    "locate-character": ["locate-character@3.0.0", "", {}, "sha512-SW13ws7BjaeJ6p7Q6CO2nchbYEc3X3J6WrmTTDto7yMPqVSZTUyY5Tjbid+Ab8gLnATtygYtiDIJGQRRn2ZOiA=="],

    "magic-string": ["magic-string@0.30.21", "", { "dependencies": { "@jridgewell/sourcemap-codec": "^1.5.5" } }, "sha512-vd2F4YUyEXKGcLHoq+TEyCjxueSeHnFxyyjNp80yg0XV4vUhnDer/lvvlqM/arB5bXQN5K2/3oinyCRyx8T2CQ=="],

    "nanoid": ["nanoid@3.3.18", "", { "bin": { "nanoid": "bin/nanoid.cjs" } }, "sha512-DTg4MJbGMWkfi6VZFdNt2/caMbQy4Ou+Op/hJQvGEWcnVfoA1QA+xzRKAzw9jD6+GVOOeYr/mIcuDSdug6F6+w=="],

    "picocolors": ["picocolors@1.1.1", "", {}, "sha512-xceH2snhtb5M9liqDsmEw56le376mTZkEX/jEb/RxNFyegNul7eNslCXP9FDj/Lcu0X8KEyMceP2ntpaHrDEVA=="],

    "postcss": ["postcss@8.5.27", "", { "dependencies": { "nanoid": "^3.3.18", "picocolors": "^1.1.1", "source-map-js": "^1.2.1" } }, "sha512-79Iho8QeYyooJ8e9lCRyTVlyTAkS/kXBYKff6TMzS3kEWGQ8Ds5UEtXpGrSUDLUWok6QTvxeYy0GO8fopHnaSA=="],

    "preact": ["preact@10.29.8", "", { "peerDependencies": { "preact-render-to-string": ">=5" }, "optionalPeers": ["preact-render-to-string"] }, "sha512-ej2aVZ+vZ8WO7tvlQWRM9N63A0KzF9q4mWJfDUHgYaIofWY9hu74QdnQrjoPMmZi2/nZ5gN0bJCQF49xQqx09Q=="],

    "react": ["react@19.2.8", "", {}, "sha512-PWaYA1L/q9u2u7xYQi+Y3L3Yfnie7XyLeaJICV1MGD6LprsBxcAqGjYyr0eY3p+QdsA+x/Irkt4Qif8D63+Sbw=="],

    "react-dom": ["react-dom@19.2.8", "", { "dependencies": { "scheduler": "^0.27.0" }, "peerDependencies": { "react": "^19.2.8" } }, "sha512-rVprimfGBG3DR+Tq0IQG2DT5PxKth1WIGDmj5yPmlzr4YBe7uyE+Du4oVqTDXZSHGGGXRtTJEGSSePyQCMBglQ=="],

    "scheduler": ["scheduler@0.27.0", "", {}, "sha512-eNv+WrVbKu1f3vbYJT/xtiF5syA5HPIMtf9IgY/nKg0sWqzAUEvqY/xm7OcZc/qafLx/iO9FgOmeSAp4v5ti/Q=="],

    "source-map-js": ["source-map-js@1.2.1", "", {}, "sha512-UXWMKhLOwVKb728IUtQPXxfYU+usdybtUrK/8uGE8CQMvrhOpwvzDBwj0QhSL7MQc7vIsISBG8VQ8+IDQxpfQA=="],

    "svelte": ["svelte@5.57.0", "", { "dependencies": { "@jridgewell/remapping": "^2.3.4", "@jridgewell/sourcemap-codec": "^1.5.0", "@sveltejs/acorn-typescript": "^1.0.10", "@types/estree": "^1.0.5", "acorn": "^8.12.1", "aria-query": "5.3.1", "axobject-query": "^4.1.0", "clsx": "^2.1.1", "devalue": "^5.8.1", "esm-env": "^1.2.1", "esrap": "^2.2.12", "is-reference": "^3.0.3", "locate-character": "^3.0.0", "magic-string": "^0.30.11", "zimmerframe": "^1.1.2" } }, "sha512-NdbDn7fl4be1ViUG0oq/lvG6OZy3oENolV2ONjiqqsfVoeAfzaQAKUcEX3MrQod/Bebv1PgwET9rfXhgn9s4Kg=="],

    "tailwind-merge": ["tailwind-merge@3.6.0", "", {}, "sha512-uxL7qAVQriqRQPAyK3pj66VqskWqoZ37PW94jwOTwNfq/z9oyu1V+eqrZqtR2+fCiXdYOZe/Modt8GtvqNzu+w=="],

    "vue": ["vue@3.5.42", "", { "dependencies": { "@vue/compiler-dom": "3.5.42", "@vue/compiler-sfc": "3.5.42", "@vue/runtime-dom": "3.5.42", "@vue/server-renderer": "3.5.42", "@vue/shared": "3.5.42" }, "peerDependencies": { "typescript": "*" }, "optionalPeers": ["typescript"] }, "sha512-4RyHQTbQvOPs3MfvUO1Sg0YRrKNnA0mAVtvpd12Tg1fKDN7OHBUl1IqSn8zGJjK9nI3NkNp8cgTpVrSZC5TTcA=="],

    "zimmerframe": ["zimmerframe@1.1.5", "", {}, "sha512-msJxIvYDYcoNL+PJsu+7qmpDWsYmAxTY+2TNYXXF0hzBzBk0BMecOqDOG/EckUoKCuKwObfbugIl8QpqHDXeFA=="],

    "@vue/compiler-core/@vue/shared": ["@vue/shared@3.5.42", "", {}, "sha512-2rPxex1jQf4jvl9MOHl6YaXCPcrNqz/FstMOEh3QWY+/OME9nQTvl9WYeCwhW7AFjaR0SnngZGlp/wkR6rkI6g=="],

    "@vue/compiler-dom/@vue/shared": ["@vue/shared@3.5.42", "", {}, "sha512-2rPxex1jQf4jvl9MOHl6YaXCPcrNqz/FstMOEh3QWY+/OME9nQTvl9WYeCwhW7AFjaR0SnngZGlp/wkR6rkI6g=="],

    "@vue/compiler-sfc/@vue/shared": ["@vue/shared@3.5.42", "", {}, "sha512-2rPxex1jQf4jvl9MOHl6YaXCPcrNqz/FstMOEh3QWY+/OME9nQTvl9WYeCwhW7AFjaR0SnngZGlp/wkR6rkI6g=="],

    "@vue/compiler-ssr/@vue/shared": ["@vue/shared@3.5.42", "", {}, "sha512-2rPxex1jQf4jvl9MOHl6YaXCPcrNqz/FstMOEh3QWY+/OME9nQTvl9WYeCwhW7AFjaR0SnngZGlp/wkR6rkI6g=="],

    "@vue/runtime-core/@vue/reactivity": ["@vue/reactivity@3.5.42", "", { "dependencies": { "@vue/shared": "3.5.42" } }, "sha512-TzNNfKpb7hDxbQltwAut8VDQA5YP+BuRlxntHUuRjyKwlMvmAPbs3unhCvieijifY6vFfVBwsS7wG/C7uq+bEQ=="],

    "@vue/runtime-core/@vue/shared": ["@vue/shared@3.5.42", "", {}, "sha512-2rPxex1jQf4jvl9MOHl6YaXCPcrNqz/FstMOEh3QWY+/OME9nQTvl9WYeCwhW7AFjaR0SnngZGlp/wkR6rkI6g=="],

    "@vue/runtime-dom/@vue/reactivity": ["@vue/reactivity@3.5.42", "", { "dependencies": { "@vue/shared": "3.5.42" } }, "sha512-TzNNfKpb7hDxbQltwAut8VDQA5YP+BuRlxntHUuRjyKwlMvmAPbs3unhCvieijifY6vFfVBwsS7wG/C7uq+bEQ=="],

    "@vue/runtime-dom/@vue/shared": ["@vue/shared@3.5.42", "", {}, "sha512-2rPxex1jQf4jvl9MOHl6YaXCPcrNqz/FstMOEh3QWY+/OME9nQTvl9WYeCwhW7AFjaR0SnngZGlp/wkR6rkI6g=="],

    "@vue/server-renderer/@vue/shared": ["@vue/shared@3.5.42", "", {}, "sha512-2rPxex1jQf4jvl9MOHl6YaXCPcrNqz/FstMOEh3QWY+/OME9nQTvl9WYeCwhW7AFjaR0SnngZGlp/wkR6rkI6g=="],

    "vue/@vue/shared": ["@vue/shared@3.5.42", "", {}, "sha512-2rPxex1jQf4jvl9MOHl6YaXCPcrNqz/FstMOEh3QWY+/OME9nQTvl9WYeCwhW7AFjaR0SnngZGlp/wkR6rkI6g=="],
  }
}
